
Microsoft Visual Studio Solution File, Format Version 12.00
# Visual Studio Version 16
VisualStudioVersion = 16.0.33130.400
MinimumVisualStudioVersion = 10.0.40219.1
Project("{9A19103F-16F7-4668-BE54-9A1E7A4F7556}") = "FranchiseCardCountMod", "FranchiseCardCountMod.csproj", "{11F7CA66-24A1-40D6-9E8D-3D10D1989C20}"
EndProject
Global
	GlobalSection(SolutionConfigurationPlatforms) = preSolution
		Debug|Any CPU = Debug|Any CPU
		Release|Any CPU = Release|Any CPU
	EndGlobalSection
	GlobalSection(ProjectConfigurationPlatforms) = postSolution
		{11F7CA66-24A1-40D6-9E8D-3D10D1989C20}.Debug|Any CPU.ActiveCfg = Debug|Any CPU
		{11F7CA66-24A1-40D6-9E8D-3D10D1989C20}.Debug|Any CPU.Build.0 = Debug|Any CPU
		{11F7CA66-24A1-40D6-9E8D-3D10D1989C20}.Release|Any CPU.ActiveCfg = Release|Any CPU
		{11F7CA66-24A1-40D6-9E8D-3D10D1989C20}.Release|Any CPU.Build.0 = Release|Any CPU
	EndGlobalSection
	GlobalSection(SolutionProperties) = preSolution
		HideSolutionNode = FALSE
	EndGlobalSection
	GlobalSection(ExtensibilityGlobals) = postSolution
		SolutionGuid = {B7F36788-3ED2-43AE-BE99-B30A23199A56}
	EndGlobalSection
EndGlobal
